
Microsoft Visual Studio Solution File, Format Version 12.00
# Visual Studio Version 17
VisualStudioVersion = 17.11.35303.130
MinimumVisualStudioVersion = 10.0.40219.1
Project("{2150E333-8FDC-42A3-9474-1A3956D46DE8}") = "Task0", "Task0", "{F21F98A9-2AF5-45DC-8E9B-EAEEDF2A5CBD}"
EndProject
Project("{9A19103F-16F7-4668-BE54-9A1E7A4F7556}") = "Tyuiu.PuzinaDA.Sprint0.Task0.V0", "Tyuiu.PuzinaDA.Sprint0.Task0.V0\Tyuiu.PuzinaDA.Sprint0.Task0.V0.csproj", "{27181BC1-10BC-4833-AEE1-787D50061D2E}"
EndProject
Project("{2150E333-8FDC-42A3-9474-1A3956D46DE8}") = "Task1", "Task1", "{6EEA67C4-E9D4-4BD0-A58D-7D1CF621E6A2}"
EndProject
Project("{9A19103F-16F7-4668-BE54-9A1E7A4F7556}") = "Tyuiu.PuzinaDA.Sprint0.Task1.V0", "Tyuiu.PuzinaDA.Sprint0.Task1.V0\Tyuiu.PuzinaDA.Sprint0.Task1.V0.csproj", "{E97C289B-3012-48D2-9A62-5501E4416109}"
EndProject
Project("{2150E333-8FDC-42A3-9474-1A3956D46DE8}") = "Task2", "Task2", "{8A002692-5F42-4AEE-8FD6-0E0B15B4DF61}"
EndProject
Project("{9A19103F-16F7-4668-BE54-9A1E7A4F7556}") = "Tyuiu.PuzinaDA.Sprint0.Task2.V0", "Tyuiu.PuzinaDA.Sprint0.Task2.V0\Tyuiu.PuzinaDA.Sprint0.Task2.V0.csproj", "{9DC4A483-74FC-4D86-9C69-041E3238FC3B}"
EndProject
Project("{9A19103F-16F7-4668-BE54-9A1E7A4F7556}") = "Tyuiu.PuzinaDA.Sprint0.Task2.V0.Lib", "Tyuiu.PuzinaDA.Sprint0.Task2.V0.Lib\Tyuiu.PuzinaDA.Sprint0.Task2.V0.Lib.csproj", "{82675F1E-17C5-4485-BE36-10D6CD24F8ED}"
EndProject
Project("{9A19103F-16F7-4668-BE54-9A1E7A4F7556}") = "Tyuiu.PuzinaDA.Sprint0.Task2.V0.Test", "Tyuiu.PuzinaDA.Sprint0.Task2.V0.Test\Tyuiu.PuzinaDA.Sprint0.Task2.V0.Test.csproj", "{7932809A-5065-4DEC-A295-5060852F7BC8}"
EndProject
Project("{2150E333-8FDC-42A3-9474-1A3956D46DE8}") = "Task3", "Task3", "{49A6BDC4-F9CD-4CB6-B278-C35699309F84}"
EndProject
Project("{9A19103F-16F7-4668-BE54-9A1E7A4F7556}") = "Tyuiu.PuzinaDA.Sprint0.Task3.V0", "Tyuiu.PuzinaDA.Sprint0.Task3.V0\Tyuiu.PuzinaDA.Sprint0.Task3.V0.csproj", "{12E85A6D-04D9-4E9E-98AF-48DC6CA92E8F}"
EndProject
Project("{9A19103F-16F7-4668-BE54-9A1E7A4F7556}") = "Tyuiu.PuzinaDA.Sprint0.Task3.V0.Lib", "Tyuiu.PuzinaDA.Sprint0.Task3.V0.Lib\Tyuiu.PuzinaDA.Sprint0.Task3.V0.Lib.csproj", "{A9624B12-71BB-4583-8B2B-F5C5D80B8752}"
EndProject
Project("{9A19103F-16F7-4668-BE54-9A1E7A4F7556}") = "Tyuiu.PuzinaDA.Sprint0.Task3.V0.Test", "Tyuiu.PuzinaDA.Sprint0.Task3.V0.Test\Tyuiu.PuzinaDA.Sprint0.Task3.V0.Test.csproj", "{9ED98BC1-C0D6-4F58-BF89-F634348B82E2}"
EndProject
Project("{2150E333-8FDC-42A3-9474-1A3956D46DE8}") = "Task4", "Task4", "{BC1168DE-D4C0-402D-AB3B-9D5D10E256E5}"
EndProject
Project("{FAE04EC0-301F-11D3-BF4B-00C04F79EFBC}") = "Tyuiu.PuzinaDA.Sprint0.Task4.V0", "Tyuiu.PuzinaDA.Sprint0.Task4.V0\Tyuiu.PuzinaDA.Sprint0.Task4.V0.csproj", "{B75028CF-E77A-4122-B648-185B3A291362}"
EndProject
Project("{FAE04EC0-301F-11D3-BF4B-00C04F79EFBC}") = "Tyuiu.PuzinaDA.Sprint0.Task4.V0.Test", "Tyuiu.PuzinaDA.Sprint0.Task4.V0.Test\Tyuiu.PuzinaDA.Sprint0.Task4.V0.Test.csproj", "{8360D6D1-C5B2-47E6-9E76-07354F84DF8F}"
EndProject
Project("{FAE04EC0-301F-11D3-BF4B-00C04F79EFBC}") = "Tyuiu.PuzinaDA.Sprint0.Task4.V0.Lib", "Tyuiu.PuzinaDA.Sprint0.Task4.V0.Lib\Tyuiu.PuzinaDA.Sprint0.Task4.V0.Lib.csproj", "{57133053-5230-4F1F-8B66-592128BE89D2}"
EndProject
Global
	GlobalSection(SolutionConfigurationPlatforms) = preSolution
		Debug|Any CPU = Debug|Any CPU
		Release|Any CPU = Release|Any CPU
	EndGlobalSection
	GlobalSection(ProjectConfigurationPlatforms) = postSolution
		{27181BC1-10BC-4833-AEE1-787D50061D2E}.Debug|Any CPU.ActiveCfg = Debug|Any CPU
		{27181BC1-10BC-4833-AEE1-787D50061D2E}.Debug|Any CPU.Build.0 = Debug|Any CPU
		{27181BC1-10BC-4833-AEE1-787D50061D2E}.Release|Any CPU.ActiveCfg = Release|Any CPU
		{27181BC1-10BC-4833-AEE1-787D50061D2E}.Release|Any CPU.Build.0 = Release|Any CPU
		{E97C289B-3012-48D2-9A62-5501E4416109}.Debug|Any CPU.ActiveCfg = Debug|Any CPU
		{E97C289B-3012-48D2-9A62-5501E4416109}.Debug|Any CPU.Build.0 = Debug|Any CPU
		{E97C289B-3012-48D2-9A62-5501E4416109}.Release|Any CPU.ActiveCfg = Release|Any CPU
		{E97C289B-3012-48D2-9A62-5501E4416109}.Release|Any CPU.Build.0 = Release|Any CPU
		{9DC4A483-74FC-4D86-9C69-041E3238FC3B}.Debug|Any CPU.ActiveCfg = Debug|Any CPU
		{9DC4A483-74FC-4D86-9C69-041E3238FC3B}.Debug|Any CPU.Build.0 = Debug|Any CPU
		{9DC4A483-74FC-4D86-9C69-041E3238FC3B}.Release|Any CPU.ActiveCfg = Release|Any CPU
		{9DC4A483-74FC-4D86-9C69-041E3238FC3B}.Release|Any CPU.Build.0 = Release|Any CPU
		{82675F1E-17C5-4485-BE36-10D6CD24F8ED}.Debug|Any CPU.ActiveCfg = Debug|Any CPU
		{82675F1E-17C5-4485-BE36-10D6CD24F8ED}.Debug|Any CPU.Build.0 = Debug|Any CPU
		{82675F1E-17C5-4485-BE36-10D6CD24F8ED}.Release|Any CPU.ActiveCfg = Release|Any CPU
		{82675F1E-17C5-4485-BE36-10D6CD24F8ED}.Release|Any CPU.Build.0 = Release|Any CPU
		{7932809A-5065-4DEC-A295-5060852F7BC8}.Debug|Any CPU.ActiveCfg = Debug|Any CPU
		{7932809A-5065-4DEC-A295-5060852F7BC8}.Debug|Any CPU.Build.0 = Debug|Any CPU
		{7932809A-5065-4DEC-A295-5060852F7BC8}.Release|Any CPU.ActiveCfg = Release|Any CPU
		{7932809A-5065-4DEC-A295-5060852F7BC8}.Release|Any CPU.Build.0 = Release|Any CPU
		{12E85A6D-04D9-4E9E-98AF-48DC6CA92E8F}.Debug|Any CPU.ActiveCfg = Debug|Any CPU
		{12E85A6D-04D9-4E9E-98AF-48DC6CA92E8F}.Debug|Any CPU.Build.0 = Debug|Any CPU
		{12E85A6D-04D9-4E9E-98AF-48DC6CA92E8F}.Release|Any CPU.ActiveCfg = Release|Any CPU
		{12E85A6D-04D9-4E9E-98AF-48DC6CA92E8F}.Release|Any CPU.Build.0 = Release|Any CPU
		{A9624B12-71BB-4583-8B2B-F5C5D80B8752}.Debug|Any CPU.ActiveCfg = Debug|Any CPU
		{A9624B12-71BB-4583-8B2B-F5C5D80B8752}.Debug|Any CPU.Build.0 = Debug|Any CPU
		{A9624B12-71BB-4583-8B2B-F5C5D80B8752}.Release|Any CPU.ActiveCfg = Release|Any CPU
		{A9624B12-71BB-4583-8B2B-F5C5D80B8752}.Release|Any CPU.Build.0 = Release|Any CPU
		{9ED98BC1-C0D6-4F58-BF89-F634348B82E2}.Debug|Any CPU.ActiveCfg = Debug|Any CPU
		{9ED98BC1-C0D6-4F58-BF89-F634348B82E2}.Debug|Any CPU.Build.0 = Debug|Any CPU
		{9ED98BC1-C0D6-4F58-BF89-F634348B82E2}.Release|Any CPU.ActiveCfg = Release|Any CPU
		{9ED98BC1-C0D6-4F58-BF89-F634348B82E2}.Release|Any CPU.Build.0 = Release|Any CPU
		{B75028CF-E77A-4122-B648-185B3A291362}.Debug|Any CPU.ActiveCfg = Debug|Any CPU
		{B75028CF-E77A-4122-B648-185B3A291362}.Debug|Any CPU.Build.0 = Debug|Any CPU
		{B75028CF-E77A-4122-B648-185B3A291362}.Release|Any CPU.ActiveCfg = Release|Any CPU
		{B75028CF-E77A-4122-B648-185B3A291362}.Release|Any CPU.Build.0 = Release|Any CPU
		{8360D6D1-C5B2-47E6-9E76-07354F84DF8F}.Debug|Any CPU.ActiveCfg = Debug|Any CPU
		{8360D6D1-C5B2-47E6-9E76-07354F84DF8F}.Debug|Any CPU.Build.0 = Debug|Any CPU
		{8360D6D1-C5B2-47E6-9E76-07354F84DF8F}.Release|Any CPU.ActiveCfg = Release|Any CPU
		{8360D6D1-C5B2-47E6-9E76-07354F84DF8F}.Release|Any CPU.Build.0 = Release|Any CPU
		{57133053-5230-4F1F-8B66-592128BE89D2}.Debug|Any CPU.ActiveCfg = Debug|Any CPU
		{57133053-5230-4F1F-8B66-592128BE89D2}.Debug|Any CPU.Build.0 = Debug|Any CPU
		{57133053-5230-4F1F-8B66-592128BE89D2}.Release|Any CPU.ActiveCfg = Release|Any CPU
		{57133053-5230-4F1F-8B66-592128BE89D2}.Release|Any CPU.Build.0 = Release|Any CPU
	EndGlobalSection
	GlobalSection(SolutionProperties) = preSolution
		HideSolutionNode = FALSE
	EndGlobalSection
	GlobalSection(NestedProjects) = preSolution
		{27181BC1-10BC-4833-AEE1-787D50061D2E} = {F21F98A9-2AF5-45DC-8E9B-EAEEDF2A5CBD}
		{E97C289B-3012-48D2-9A62-5501E4416109} = {6EEA67C4-E9D4-4BD0-A58D-7D1CF621E6A2}
		{9DC4A483-74FC-4D86-9C69-041E3238FC3B} = {8A002692-5F42-4AEE-8FD6-0E0B15B4DF61}
		{82675F1E-17C5-4485-BE36-10D6CD24F8ED} = {8A002692-5F42-4AEE-8FD6-0E0B15B4DF61}
		{7932809A-5065-4DEC-A295-5060852F7BC8} = {8A002692-5F42-4AEE-8FD6-0E0B15B4DF61}
		{12E85A6D-04D9-4E9E-98AF-48DC6CA92E8F} = {49A6BDC4-F9CD-4CB6-B278-C35699309F84}
		{A9624B12-71BB-4583-8B2B-F5C5D80B8752} = {49A6BDC4-F9CD-4CB6-B278-C35699309F84}
		{9ED98BC1-C0D6-4F58-BF89-F634348B82E2} = {49A6BDC4-F9CD-4CB6-B278-C35699309F84}
		{B75028CF-E77A-4122-B648-185B3A291362} = {BC1168DE-D4C0-402D-AB3B-9D5D10E256E5}
		{8360D6D1-C5B2-47E6-9E76-07354F84DF8F} = {BC1168DE-D4C0-402D-AB3B-9D5D10E256E5}
		{57133053-5230-4F1F-8B66-592128BE89D2} = {BC1168DE-D4C0-402D-AB3B-9D5D10E256E5}
	EndGlobalSection
	GlobalSection(ExtensibilityGlobals) = postSolution
		SolutionGuid = {FCC7D7B7-7B01-469B-B837-17EA3445B9AE}
	EndGlobalSection
EndGlobal
